
Microsoft Visual Studio Solution File, Format Version 12.00
# Visual Studio Version 16
VisualStudioVersion = 16.0.33927.289
MinimumVisualStudioVersion = 10.0.40219.1
Project("{FAE04EC0-301F-11D3-BF4B-00C04F79EFBC}") = "BaekJoon2752", "BaekJoon2480\BaekJoon2752.csproj", "{DDF9F57A-AFB0-436D-999B-E4A39A1B34B2}"
EndProject
Project("{FAE04EC0-301F-11D3-BF4B-00C04F79EFBC}") = "BaekJoon2742", "BaekJoon2742\BaekJoon2742.csproj", "{EF34E342-317D-40D3-BA4C-3EF1D09CE799}"
EndProject
Project("{FAE04EC0-301F-11D3-BF4B-00C04F79EFBC}") = "BaekJoon3046", "BaekJoon3046\BaekJoon3046.csproj", "{83326C7F-4AE4-4D8A-BECD-D62FDF89E0A7}"
EndProject
Project("{FAE04EC0-301F-11D3-BF4B-00C04F79EFBC}") = "BaekJoon5532", "BaekJoon5532\BaekJoon5532.csproj", "{A1CDF822-4D4A-41B5-9033-78C07F555AD6}"
EndProject
Project("{FAE04EC0-301F-11D3-BF4B-00C04F79EFBC}") = "BaekJoon5543", "BaekJoon5543\BaekJoon5543.csproj", "{FB02DB19-4D3F-4663-8360-76E206F98C8D}"
EndProject
Project("{FAE04EC0-301F-11D3-BF4B-00C04F79EFBC}") = "BaekJoon5554", "BaekJoon5554\BaekJoon5554.csproj", "{97511925-5465-43D1-A2A7-B91B560F93EF}"
EndProject
Project("{FAE04EC0-301F-11D3-BF4B-00C04F79EFBC}") = "BaekJoon5575", "BaekJoon5575\BaekJoon5575.csproj", "{4DFA23AF-A11A-44CB-A495-5DA00613BC0E}"
EndProject
Project("{FAE04EC0-301F-11D3-BF4B-00C04F79EFBC}") = "BaekJoon5596", "BaekJoon5596\BaekJoon5596.csproj", "{957BBF59-8696-4FF2-BAA2-63A20F90BB0D}"
EndProject
Project("{FAE04EC0-301F-11D3-BF4B-00C04F79EFBC}") = "BaekJoon10039", "BaekJoon10039\BaekJoon10039.csproj", "{DB9B7D00-EF00-4800-9648-91854D412852}"
EndProject
Project("{FAE04EC0-301F-11D3-BF4B-00C04F79EFBC}") = "BaekJoon10101", "BaekJoon10101\BaekJoon10101.csproj", "{9735A641-0BE3-4265-B23F-16B0B77F18A6}"
EndProject
Project("{FAE04EC0-301F-11D3-BF4B-00C04F79EFBC}") = "BaekJoon10768", "BaekJoon10768\BaekJoon10768.csproj", "{954FC54B-79EF-4935-93B4-FF4AEFC0D05A}"
EndProject
Project("{2150E333-8FDC-42A3-9474-1A3956D46DE8}") = "브론즈4", "브론즈4", "{6A312CF1-252E-4344-81B5-DAC7A311B3F1}"
EndProject
Project("{2150E333-8FDC-42A3-9474-1A3956D46DE8}") = "브론즈3", "브론즈3", "{31B942E5-991F-4C2F-BB66-9645BEC192B3}"
EndProject
Project("{FAE04EC0-301F-11D3-BF4B-00C04F79EFBC}") = "BaekJoon1267", "BaekJoon1267\BaekJoon1267.csproj", "{A1E43B64-4E22-4792-B76F-E2C2EEB395D2}"
EndProject
Project("{FAE04EC0-301F-11D3-BF4B-00C04F79EFBC}") = "BaekJoon1284", "BaekJoon1284\BaekJoon1284.csproj", "{CB94D5B7-3E7E-45B5-9EA2-753FBEE7BDCD}"
EndProject
Global
	GlobalSection(SolutionConfigurationPlatforms) = preSolution
		Debug|Any CPU = Debug|Any CPU
		Release|Any CPU = Release|Any CPU
	EndGlobalSection
	GlobalSection(ProjectConfigurationPlatforms) = postSolution
		{DDF9F57A-AFB0-436D-999B-E4A39A1B34B2}.Debug|Any CPU.ActiveCfg = Debug|Any CPU
		{DDF9F57A-AFB0-436D-999B-E4A39A1B34B2}.Debug|Any CPU.Build.0 = Debug|Any CPU
		{DDF9F57A-AFB0-436D-999B-E4A39A1B34B2}.Release|Any CPU.ActiveCfg = Release|Any CPU
		{DDF9F57A-AFB0-436D-999B-E4A39A1B34B2}.Release|Any CPU.Build.0 = Release|Any CPU
		{EF34E342-317D-40D3-BA4C-3EF1D09CE799}.Debug|Any CPU.ActiveCfg = Debug|Any CPU
		{EF34E342-317D-40D3-BA4C-3EF1D09CE799}.Debug|Any CPU.Build.0 = Debug|Any CPU
		{EF34E342-317D-40D3-BA4C-3EF1D09CE799}.Release|Any CPU.ActiveCfg = Release|Any CPU
		{EF34E342-317D-40D3-BA4C-3EF1D09CE799}.Release|Any CPU.Build.0 = Release|Any CPU
		{83326C7F-4AE4-4D8A-BECD-D62FDF89E0A7}.Debug|Any CPU.ActiveCfg = Debug|Any CPU
		{83326C7F-4AE4-4D8A-BECD-D62FDF89E0A7}.Debug|Any CPU.Build.0 = Debug|Any CPU
		{83326C7F-4AE4-4D8A-BECD-D62FDF89E0A7}.Release|Any CPU.ActiveCfg = Release|Any CPU
		{83326C7F-4AE4-4D8A-BECD-D62FDF89E0A7}.Release|Any CPU.Build.0 = Release|Any CPU
		{A1CDF822-4D4A-41B5-9033-78C07F555AD6}.Debug|Any CPU.ActiveCfg = Debug|Any CPU
		{A1CDF822-4D4A-41B5-9033-78C07F555AD6}.Debug|Any CPU.Build.0 = Debug|Any CPU
		{A1CDF822-4D4A-41B5-9033-78C07F555AD6}.Release|Any CPU.ActiveCfg = Release|Any CPU
		{A1CDF822-4D4A-41B5-9033-78C07F555AD6}.Release|Any CPU.Build.0 = Release|Any CPU
		{FB02DB19-4D3F-4663-8360-76E206F98C8D}.Debug|Any CPU.ActiveCfg = Debug|Any CPU
		{FB02DB19-4D3F-4663-8360-76E206F98C8D}.Debug|Any CPU.Build.0 = Debug|Any CPU
		{FB02DB19-4D3F-4663-8360-76E206F98C8D}.Release|Any CPU.ActiveCfg = Release|Any CPU
		{FB02DB19-4D3F-4663-8360-76E206F98C8D}.Release|Any CPU.Build.0 = Release|Any CPU
		{97511925-5465-43D1-A2A7-B91B560F93EF}.Debug|Any CPU.ActiveCfg = Debug|Any CPU
		{97511925-5465-43D1-A2A7-B91B560F93EF}.Debug|Any CPU.Build.0 = Debug|Any CPU
		{97511925-5465-43D1-A2A7-B91B560F93EF}.Release|Any CPU.ActiveCfg = Release|Any CPU
		{97511925-5465-43D1-A2A7-B91B560F93EF}.Release|Any CPU.Build.0 = Release|Any CPU
		{4DFA23AF-A11A-44CB-A495-5DA00613BC0E}.Debug|Any CPU.ActiveCfg = Debug|Any CPU
		{4DFA23AF-A11A-44CB-A495-5DA00613BC0E}.Debug|Any CPU.Build.0 = Debug|Any CPU
		{4DFA23AF-A11A-44CB-A495-5DA00613BC0E}.Release|Any CPU.ActiveCfg = Release|Any CPU
		{4DFA23AF-A11A-44CB-A495-5DA00613BC0E}.Release|Any CPU.Build.0 = Release|Any CPU
		{957BBF59-8696-4FF2-BAA2-63A20F90BB0D}.Debug|Any CPU.ActiveCfg = Debug|Any CPU
		{957BBF59-8696-4FF2-BAA2-63A20F90BB0D}.Debug|Any CPU.Build.0 = Debug|Any CPU
		{957BBF59-8696-4FF2-BAA2-63A20F90BB0D}.Release|Any CPU.ActiveCfg = Release|Any CPU
		{957BBF59-8696-4FF2-BAA2-63A20F90BB0D}.Release|Any CPU.Build.0 = Release|Any CPU
		{DB9B7D00-EF00-4800-9648-91854D412852}.Debug|Any CPU.ActiveCfg = Debug|Any CPU
		{DB9B7D00-EF00-4800-9648-91854D412852}.Debug|Any CPU.Build.0 = Debug|Any CPU
		{DB9B7D00-EF00-4800-9648-91854D412852}.Release|Any CPU.ActiveCfg = Release|Any CPU
		{DB9B7D00-EF00-4800-9648-91854D412852}.Release|Any CPU.Build.0 = Release|Any CPU
		{9735A641-0BE3-4265-B23F-16B0B77F18A6}.Debug|Any CPU.ActiveCfg = Debug|Any CPU
		{9735A641-0BE3-4265-B23F-16B0B77F18A6}.Debug|Any CPU.Build.0 = Debug|Any CPU
		{9735A641-0BE3-4265-B23F-16B0B77F18A6}.Release|Any CPU.ActiveCfg = Release|Any CPU
		{9735A641-0BE3-4265-B23F-16B0B77F18A6}.Release|Any CPU.Build.0 = Release|Any CPU
		{954FC54B-79EF-4935-93B4-FF4AEFC0D05A}.Debug|Any CPU.ActiveCfg = Debug|Any CPU
		{954FC54B-79EF-4935-93B4-FF4AEFC0D05A}.Debug|Any CPU.Build.0 = Debug|Any CPU
		{954FC54B-79EF-4935-93B4-FF4AEFC0D05A}.Release|Any CPU.ActiveCfg = Release|Any CPU
		{954FC54B-79EF-4935-93B4-FF4AEFC0D05A}.Release|Any CPU.Build.0 = Release|Any CPU
		{A1E43B64-4E22-4792-B76F-E2C2EEB395D2}.Debug|Any CPU.ActiveCfg = Debug|Any CPU
		{A1E43B64-4E22-4792-B76F-E2C2EEB395D2}.Debug|Any CPU.Build.0 = Debug|Any CPU
		{A1E43B64-4E22-4792-B76F-E2C2EEB395D2}.Release|Any CPU.ActiveCfg = Release|Any CPU
		{A1E43B64-4E22-4792-B76F-E2C2EEB395D2}.Release|Any CPU.Build.0 = Release|Any CPU
		{CB94D5B7-3E7E-45B5-9EA2-753FBEE7BDCD}.Debug|Any CPU.ActiveCfg = Debug|Any CPU
		{CB94D5B7-3E7E-45B5-9EA2-753FBEE7BDCD}.Debug|Any CPU.Build.0 = Debug|Any CPU
		{CB94D5B7-3E7E-45B5-9EA2-753FBEE7BDCD}.Release|Any CPU.ActiveCfg = Release|Any CPU
		{CB94D5B7-3E7E-45B5-9EA2-753FBEE7BDCD}.Release|Any CPU.Build.0 = Release|Any CPU
	EndGlobalSection
	GlobalSection(SolutionProperties) = preSolution
		HideSolutionNode = FALSE
	EndGlobalSection
	GlobalSection(NestedProjects) = preSolution
		{DDF9F57A-AFB0-436D-999B-E4A39A1B34B2} = {6A312CF1-252E-4344-81B5-DAC7A311B3F1}
		{EF34E342-317D-40D3-BA4C-3EF1D09CE799} = {6A312CF1-252E-4344-81B5-DAC7A311B3F1}
		{83326C7F-4AE4-4D8A-BECD-D62FDF89E0A7} = {6A312CF1-252E-4344-81B5-DAC7A311B3F1}
		{A1CDF822-4D4A-41B5-9033-78C07F555AD6} = {6A312CF1-252E-4344-81B5-DAC7A311B3F1}
		{FB02DB19-4D3F-4663-8360-76E206F98C8D} = {6A312CF1-252E-4344-81B5-DAC7A311B3F1}
		{97511925-5465-43D1-A2A7-B91B560F93EF} = {6A312CF1-252E-4344-81B5-DAC7A311B3F1}
		{4DFA23AF-A11A-44CB-A495-5DA00613BC0E} = {6A312CF1-252E-4344-81B5-DAC7A311B3F1}
		{957BBF59-8696-4FF2-BAA2-63A20F90BB0D} = {6A312CF1-252E-4344-81B5-DAC7A311B3F1}
		{DB9B7D00-EF00-4800-9648-91854D412852} = {6A312CF1-252E-4344-81B5-DAC7A311B3F1}
		{9735A641-0BE3-4265-B23F-16B0B77F18A6} = {6A312CF1-252E-4344-81B5-DAC7A311B3F1}
		{954FC54B-79EF-4935-93B4-FF4AEFC0D05A} = {6A312CF1-252E-4344-81B5-DAC7A311B3F1}
		{A1E43B64-4E22-4792-B76F-E2C2EEB395D2} = {31B942E5-991F-4C2F-BB66-9645BEC192B3}
		{CB94D5B7-3E7E-45B5-9EA2-753FBEE7BDCD} = {31B942E5-991F-4C2F-BB66-9645BEC192B3}
	EndGlobalSection
	GlobalSection(ExtensibilityGlobals) = postSolution
		SolutionGuid = {4AC6A321-F2E7-41FD-B0DA-487661C6DACC}
	EndGlobalSection
EndGlobal
